
Microsoft Visual Studio Solution File, Format Version 12.00
# Visual Studio Version 17
VisualStudioVersion = 17.0.31903.59
MinimumVisualStudioVersion = 10.0.40219.1
Project("{FAE04EC0-301F-11D3-BF4B-00C04F79EFBC}") = "PrimeService", "PrimeService\PrimeService.csproj", "{E4101F9F-9ABD-4745-9B74-BDBEF2BDD8FF}"
EndProject
Project("{FAE04EC0-301F-11D3-BF4B-00C04F79EFBC}") = "PrimeService.Tests", "PrimeService.Tests\PrimeService.Tests.csproj", "{9990E309-10C3-48EE-8CD7-B8F63DC24955}"
EndProject
Global
	GlobalSection(SolutionConfigurationPlatforms) = preSolution
		Debug|Any CPU = Debug|Any CPU
		Release|Any CPU = Release|Any CPU
	EndGlobalSection
	GlobalSection(SolutionProperties) = preSolution
		HideSolutionNode = FALSE
	EndGlobalSection
	GlobalSection(ProjectConfigurationPlatforms) = postSolution
		{E4101F9F-9ABD-4745-9B74-BDBEF2BDD8FF}.Debug|Any CPU.ActiveCfg = Debug|Any CPU
		{E4101F9F-9ABD-4745-9B74-BDBEF2BDD8FF}.Debug|Any CPU.Build.0 = Debug|Any CPU
		{E4101F9F-9ABD-4745-9B74-BDBEF2BDD8FF}.Release|Any CPU.ActiveCfg = Release|Any CPU
		{E4101F9F-9ABD-4745-9B74-BDBEF2BDD8FF}.Release|Any CPU.Build.0 = Release|Any CPU
		{9990E309-10C3-48EE-8CD7-B8F63DC24955}.Debug|Any CPU.ActiveCfg = Debug|Any CPU
		{9990E309-10C3-48EE-8CD7-B8F63DC24955}.Debug|Any CPU.Build.0 = Debug|Any CPU
		{9990E309-10C3-48EE-8CD7-B8F63DC24955}.Release|Any CPU.ActiveCfg = Release|Any CPU
		{9990E309-10C3-48EE-8CD7-B8F63DC24955}.Release|Any CPU.Build.0 = Release|Any CPU
	EndGlobalSection
EndGlobal
